{
  "pins" : [
    {
      "identity" : "keyboardshortcuts",
      "kind" : "remoteSourceControl",
      "location" : "https://github.com/sindresorhus/KeyboardShortcuts",
      "state" : {
        "revision" : "c252200141e4abaecf30c14ea474dc009f56d553",
        "version" : "1.16.1"
      }
    },
    {
      "identity" : "keychain-swift",
      "kind" : "remoteSourceControl",
      "location" : "https://github.com/evgenyneu/keychain-swift.git",
      "state" : {
        "revision" : "d108a1fa6189e661f91560548ef48651ed8d93b9",
        "version" : "20.0.0"
      }
    },
    {
      "identity" : "networkimage",
      "kind" : "remoteSourceControl",
      "location" : "https://github.com/gonzalezreal/NetworkImage",
      "state" : {
        "revision" : "7aff8d1b31148d32c5933d75557d42f6323ee3d1",
        "version" : "6.0.0"
      }
    },
    {
      "identity" : "sparkle",
      "kind" : "remoteSourceControl",
      "location" : "https://github.com/sparkle-project/Sparkle",
      "state" : {
        "revision" : "47d3d90aee3c52b6f61d04ceae426e607df62347",
        "version" : "2.5.2"
      }
    },
    {
      "identity" : "swift-markdown-ui",
      "kind" : "remoteSourceControl",
      "location" : "https://github.com/gonzalezreal/swift-markdown-ui",
      "state" : {
        "revision" : "ae799d015a5374708f7b4c85f3294c05f2a564e2",
        "version" : "2.3.0"
      }
    },
    {
      "identity" : "swiftopenai",
      "kind" : "remoteSourceControl",
      "location" : "https://github.com/ElvisWong213/SwiftOpenAI.git",
      "state" : {
        "branch" : "fix-new-content",
        "revision" : "fce70d7dfca8ba45f1e868334081ac33c8b2af8b"
      }
    },
    {
      "identity" : "swifttreesitter",
      "kind" : "remoteSourceControl",
      "location" : "https://github.com/ElvisWong213/SwiftTreeSitter",
      "state" : {
        "branch" : "fix/ios-support",
        "revision" : "fe79ea9bdd591a9a279e0338cba1f7e1dade804e"
      }
    },
    {
      "identity" : "syntaxhighlighting_markdownui_swift",
      "kind" : "remoteSourceControl",
      "location" : "https://github.com/ElvisWong213/SyntaxHighlighting_MarkdownUI_Swift",
      "state" : {
        "branch" : "main",
        "revision" : "8212611324bb599cfd1235d8642b2fe8ed368ff9"
      }
    },
    {
      "identity" : "tree-sitter-java",
      "kind" : "remoteSourceControl",
      "location" : "https://github.com/tree-sitter/tree-sitter-java",
      "state" : {
        "revision" : "2b57cd9541f9fd3a89207d054ce8fbe72657c444",
        "version" : "0.20.2"
      }
    },
    {
      "identity" : "tree-sitter-javascript",
      "kind" : "remoteSourceControl",
      "location" : "https://github.com/tree-sitter/tree-sitter-javascript",
      "state" : {
        "revision" : "6d84193ae2395e54b699d9b7358bcf66cbcc19f5",
        "version" : "0.20.3"
      }
    },
    {
      "identity" : "tree-sitter-rust",
      "kind" : "remoteSourceControl",
      "location" : "https://github.com/tree-sitter/tree-sitter-rust",
      "state" : {
        "revision" : "afb6000a71fb9dff3f47f90d412ec080ae12bbb4",
        "version" : "0.20.4"
      }
    },
    {
      "identity" : "tree-sitter-swift",
      "kind" : "remoteSourceControl",
      "location" : "https://github.com/alex-pinkus/tree-sitter-swift",
      "state" : {
        "branch" : "with-generated-files",
        "revision" : "b1b66955d420d5cf5ff268ae552f0d6e43ff66e1"
      }
    }
  ],
  "version" : 2
}
