{
  "pins" : [
    {
      "identity" : "keyboardshortcuts",
      "kind" : "remoteSourceControl",
      "location" : "https://github.com/sindresorhus/KeyboardShortcuts",
      "state" : {
        "revision" : "c252200141e4abaecf30c14ea474dc009f56d553",
        "version" : "1.16.1"
      }
    },
    {
      "identity" : "keychain-swift",
      "kind" : "remoteSourceControl",
      "location" : "https://github.com/evgenyneu/keychain-swift.git",
      "state" : {
        "revision" : "d108a1fa6189e661f91560548ef48651ed8d93b9",
        "version" : "20.0.0"
      }
    },
    {
      "identity" : "networkimage",
      "kind" : "remoteSourceControl",
      "location" : "https://github.com/gonzalezreal/NetworkImage",
      "state" : {
        "revision" : "7aff8d1b31148d32c5933d75557d42f6323ee3d1",
        "version" : "6.0.0"
      }
    },
    {
      "identity" : "sparkle",
      "kind" : "remoteSourceControl",
      "location" : "https://github.com/sparkle-project/Sparkle",
      "state" : {
        "revision" : "47d3d90aee3c52b6f61d04ceae426e607df62347",
        "version" : "2.5.2"
      }
    },
    {
      "identity" : "swift-markdown-ui",
      "kind" : "remoteSourceControl",
      "location" : "https://github.com/gonzalezreal/swift-markdown-ui",
      "state" : {
        "revision" : "ae799d015a5374708f7b4c85f3294c05f2a564e2",
        "version" : "2.3.0"
      }
    },
    {
      "identity" : "swiftopenai",
      "kind" : "remoteSourceControl",
      "location" : "https://github.com/ElvisWong213/SwiftOpenAI.git",
      "state" : {
        "branch" : "fix-new-content",
        "revision" : "48b0e6d8fff16083240c511c168ad7b81de7d6dc"
      }
    },
    {
      "identity" : "swifttreesitter",
      "kind" : "remoteSourceControl",
      "location" : "https://github.com/ElvisWong213/SwiftTreeSitter",
      "state" : {
        "branch" : "fix/ios-support",
        "revision" : "fe79ea9bdd591a9a279e0338cba1f7e1dade804e"
      }
    },
    {
      "identity" : "tree-sitter-bash",
      "kind" : "remoteSourceControl",
      "location" : "https://github.com/tree-sitter/tree-sitter-bash",
      "state" : {
        "revision" : "1479a4030f1a399c253aee02097576d4af46f23a",
        "version" : "0.20.4"
      }
    },
    {
      "identity" : "tree-sitter-java",
      "kind" : "remoteSourceControl",
      "location" : "https://github.com/tree-sitter/tree-sitter-java",
      "state" : {
        "revision" : "2b57cd9541f9fd3a89207d054ce8fbe72657c444",
        "version" : "0.20.2"
      }
    },
    {
      "identity" : "tree-sitter-javascript",
      "kind" : "remoteSourceControl",
      "location" : "https://github.com/tree-sitter/tree-sitter-javascript",
      "state" : {
        "revision" : "6d84193ae2395e54b699d9b7358bcf66cbcc19f5",
        "version" : "0.20.3"
      }
    },
    {
      "identity" : "tree-sitter-json",
      "kind" : "remoteSourceControl",
      "location" : "https://github.com/tree-sitter/tree-sitter-json",
      "state" : {
        "revision" : "c5a9a9af069de3fe0ef5fa2fa001b6a2e44d75b2",
        "version" : "0.20.2"
      }
    },
    {
      "identity" : "tree-sitter-python",
      "kind" : "remoteSourceControl",
      "location" : "https://github.com/tree-sitter/tree-sitter-python",
      "state" : {
        "revision" : "c01fb4e38587e959b9058b8cd34b9e6a3068c827",
        "version" : "0.20.4"
      }
    },
    {
      "identity" : "tree-sitter-rust",
      "kind" : "remoteSourceControl",
      "location" : "https://github.com/tree-sitter/tree-sitter-rust",
      "state" : {
        "revision" : "afb6000a71fb9dff3f47f90d412ec080ae12bbb4",
        "version" : "0.20.4"
      }
    },
    {
      "identity" : "tree-sitter-swift",
      "kind" : "remoteSourceControl",
      "location" : "https://github.com/alex-pinkus/tree-sitter-swift",
      "state" : {
        "branch" : "with-generated-files",
        "revision" : "b1b66955d420d5cf5ff268ae552f0d6e43ff66e1"
      }
    }
  ],
  "version" : 2
}
