// !$*UTF8*$!
{
	archiveVersion = 1;
	classes = {
	};
	objectVersion = 56;
	objects = {

/* Begin PBXBuildFile section */
		AA013ECB2B25FA0B00522152 /* GPTSwiftApp.swift in Sources */ = {isa = PBXBuildFile; fileRef = AA013ECA2B25FA0B00522152 /* GPTSwiftApp.swift */; };
		AA013ECD2B25FA0B00522152 /* ContentView.swift in Sources */ = {isa = PBXBuildFile; fileRef = AA013ECC2B25FA0B00522152 /* ContentView.swift */; };
		AA013ED12B25FA0C00522152 /* Assets.xcassets in Resources */ = {isa = PBXBuildFile; fileRef = AA013ED02B25FA0C00522152 /* Assets.xcassets */; };
		AA013ED52B25FA0C00522152 /* Preview Assets.xcassets in Resources */ = {isa = PBXBuildFile; fileRef = AA013ED42B25FA0C00522152 /* Preview Assets.xcassets */; };
		AA013EDF2B25FAEB00522152 /* ChatView.swift in Sources */ = {isa = PBXBuildFile; fileRef = AA013EDE2B25FAEB00522152 /* ChatView.swift */; };
		AA013EE22B25FCE200522152 /* ChatInputTextField.swift in Sources */ = {isa = PBXBuildFile; fileRef = AA013EE12B25FCE200522152 /* ChatInputTextField.swift */; };
		AA013EE42B25FD4400522152 /* Chatbubble.swift in Sources */ = {isa = PBXBuildFile; fileRef = AA013EE32B25FD4400522152 /* Chatbubble.swift */; };
		AA013EE72B262E4E00522152 /* MyMessage.swift in Sources */ = {isa = PBXBuildFile; fileRef = AA013EE62B262E4E00522152 /* MyMessage.swift */; };
		AA013EE92B262E8800522152 /* Author.swift in Sources */ = {isa = PBXBuildFile; fileRef = AA013EE82B262E8800522152 /* Author.swift */; };
		AA013EEB2B26306600522152 /* ChatViewModel.swift in Sources */ = {isa = PBXBuildFile; fileRef = AA013EEA2B26306600522152 /* ChatViewModel.swift */; };
		AA013EF12B266B2000522152 /* OpenAI in Frameworks */ = {isa = PBXBuildFile; productRef = AA013EF02B266B2000522152 /* OpenAI */; };
		AA013EF32B267D9400522152 /* MessageType.swift in Sources */ = {isa = PBXBuildFile; fileRef = AA013EF22B267D9400522152 /* MessageType.swift */; };
		AA013EF52B267DA500522152 /* MyContent.swift in Sources */ = {isa = PBXBuildFile; fileRef = AA013EF42B267DA500522152 /* MyContent.swift */; };
		AA013EFB2B27859900522152 /* KeychainSwift in Frameworks */ = {isa = PBXBuildFile; productRef = AA013EFA2B27859900522152 /* KeychainSwift */; };
		AA013EFE2B2785C900522152 /* UserSettingView.swift in Sources */ = {isa = PBXBuildFile; fileRef = AA013EFD2B2785C900522152 /* UserSettingView.swift */; };
		AA4B02652B3E53BB00C5B227 /* FloatingPanel.swift in Sources */ = {isa = PBXBuildFile; fileRef = AA4B02642B3E53BB00C5B227 /* FloatingPanel.swift */; };
		AA4B02672B3E5E7800C5B227 /* View+Extensions.swift in Sources */ = {isa = PBXBuildFile; fileRef = AA4B02662B3E5E7800C5B227 /* View+Extensions.swift */; };
		AA4B026A2B3EF34B00C5B227 /* KeyboardShortcuts in Frameworks */ = {isa = PBXBuildFile; productRef = AA4B02692B3EF34B00C5B227 /* KeyboardShortcuts */; };
		AA4B026C2B3EF3A900C5B227 /* KeyboardShortcuts+Extensions.swift in Sources */ = {isa = PBXBuildFile; fileRef = AA4B026B2B3EF3A900C5B227 /* KeyboardShortcuts+Extensions.swift */; };
		AA4B026E2B404A3C00C5B227 /* FloatingChatView.swift in Sources */ = {isa = PBXBuildFile; fileRef = AA4B026D2B404A3C00C5B227 /* FloatingChatView.swift */; };
		AA4B02702B40F8D800C5B227 /* VisualEffect.swift in Sources */ = {isa = PBXBuildFile; fileRef = AA4B026F2B40F8D800C5B227 /* VisualEffect.swift */; };
		AA9B8F802B279FD20041B64E /* KeychainService.swift in Sources */ = {isa = PBXBuildFile; fileRef = AA9B8F7F2B279FD20041B64E /* KeychainService.swift */; };
		AA9B8F832B27BC010041B64E /* ChatListView.swift in Sources */ = {isa = PBXBuildFile; fileRef = AA9B8F822B27BC010041B64E /* ChatListView.swift */; };
		AA9B8F8A2B27E7850041B64E /* Chat.swift in Sources */ = {isa = PBXBuildFile; fileRef = AA9B8F892B27E7850041B64E /* Chat.swift */; };
		AAA76CCC2B34BCEA00DA5F04 /* UIImage+Extensions.swift in Sources */ = {isa = PBXBuildFile; fileRef = AAA76CCB2B34BCEA00DA5F04 /* UIImage+Extensions.swift */; };
		AAA76CCF2B34FBB800DA5F04 /* EditChatView.swift in Sources */ = {isa = PBXBuildFile; fileRef = AAA76CCE2B34FBB800DA5F04 /* EditChatView.swift */; };
		AAA76CD12B3517D600DA5F04 /* OpenAIService.swift in Sources */ = {isa = PBXBuildFile; fileRef = AAA76CD02B3517D600DA5F04 /* OpenAIService.swift */; };
		AAAB9A092B6F568200C368AD /* CopyCodeButton.swift in Sources */ = {isa = PBXBuildFile; fileRef = AAAB9A082B6F568200C368AD /* CopyCodeButton.swift */; };
		AAB4E1CB2B81124800CAF0F3 /* SyntaxHighlightingMarkdownUI in Frameworks */ = {isa = PBXBuildFile; productRef = AAB4E1CA2B81124800CAF0F3 /* SyntaxHighlightingMarkdownUI */; };
		AAC486892B7066BA008C8A4E /* Sparkle in Frameworks */ = {isa = PBXBuildFile; platformFilters = (macos, ); productRef = AAC486882B7066BA008C8A4E /* Sparkle */; };
		AAC4868C2B706ABA008C8A4E /* CheckForUpdatesViewModel.swift in Sources */ = {isa = PBXBuildFile; fileRef = AAC4868B2B706ABA008C8A4E /* CheckForUpdatesViewModel.swift */; };
		AAC4868E2B706ADC008C8A4E /* CheckForUpdatesView.swift in Sources */ = {isa = PBXBuildFile; fileRef = AAC4868D2B706ADC008C8A4E /* CheckForUpdatesView.swift */; };
		AAD21A1C2C0223E1003501B5 /* OpenAI in Frameworks */ = {isa = PBXBuildFile; productRef = AAD21A1B2C0223E1003501B5 /* OpenAI */; };
		AAD377FD2B3B207F001D0B24 /* MarkdownUI in Frameworks */ = {isa = PBXBuildFile; productRef = AAD377FC2B3B207F001D0B24 /* MarkdownUI */; };
		AAD3780B2B3B32BC001D0B24 /* MarkdownCodeSyntaxHightlighter.swift in Sources */ = {isa = PBXBuildFile; fileRef = AAD3780A2B3B32BC001D0B24 /* MarkdownCodeSyntaxHightlighter.swift */; };
		AAD378292B3B4D57001D0B24 /* Theme+Extensions.swift in Sources */ = {isa = PBXBuildFile; fileRef = AAD378282B3B4D57001D0B24 /* Theme+Extensions.swift */; };
		AAD3F12F2B396CBC000A6CDA /* NSImage+Extensions.swift in Sources */ = {isa = PBXBuildFile; fileRef = AAD3F12E2B396CBC000A6CDA /* NSImage+Extensions.swift */; };
		AADDFEF22B69355E00FAE4B5 /* SwiftDataService.swift in Sources */ = {isa = PBXBuildFile; fileRef = AADDFEF12B69355E00FAE4B5 /* SwiftDataService.swift */; };
		AAEBFA702B6F38FD0079A9E1 /* CopyService.swift in Sources */ = {isa = PBXBuildFile; fileRef = AAEBFA6F2B6F38FD0079A9E1 /* CopyService.swift */; };
/* End PBXBuildFile section */

/* Begin PBXFileReference section */
		AA013EC72B25FA0B00522152 /* GPTSwift.app */ = {isa = PBXFileReference; explicitFileType = wrapper.application; includeInIndex = 0; path = GPTSwift.app; sourceTree = BUILT_PRODUCTS_DIR; };
		AA013ECA2B25FA0B00522152 /* GPTSwiftApp.swift */ = {isa = PBXFileReference; lastKnownFileType = sourcecode.swift; path = GPTSwiftApp.swift; sourceTree = "<group>"; };
		AA013ECC2B25FA0B00522152 /* ContentView.swift */ = {isa = PBXFileReference; lastKnownFileType = sourcecode.swift; path = ContentView.swift; sourceTree = "<group>"; };
		AA013ED02B25FA0C00522152 /* Assets.xcassets */ = {isa = PBXFileReference; lastKnownFileType = folder.assetcatalog; path = Assets.xcassets; sourceTree = "<group>"; };
		AA013ED22B25FA0C00522152 /* GPTSwift.entitlements */ = {isa = PBXFileReference; lastKnownFileType = text.plist.entitlements; path = GPTSwift.entitlements; sourceTree = "<group>"; };
		AA013ED42B25FA0C00522152 /* Preview Assets.xcassets */ = {isa = PBXFileReference; lastKnownFileType = folder.assetcatalog; path = "Preview Assets.xcassets"; sourceTree = "<group>"; };
		AA013EDE2B25FAEB00522152 /* ChatView.swift */ = {isa = PBXFileReference; lastKnownFileType = sourcecode.swift; path = ChatView.swift; sourceTree = "<group>"; };
		AA013EE12B25FCE200522152 /* ChatInputTextField.swift */ = {isa = PBXFileReference; lastKnownFileType = sourcecode.swift; path = ChatInputTextField.swift; sourceTree = "<group>"; };
		AA013EE32B25FD4400522152 /* Chatbubble.swift */ = {isa = PBXFileReference; lastKnownFileType = sourcecode.swift; path = Chatbubble.swift; sourceTree = "<group>"; };
		AA013EE62B262E4E00522152 /* MyMessage.swift */ = {isa = PBXFileReference; lastKnownFileType = sourcecode.swift; path = MyMessage.swift; sourceTree = "<group>"; };
		AA013EE82B262E8800522152 /* Author.swift */ = {isa = PBXFileReference; lastKnownFileType = sourcecode.swift; path = Author.swift; sourceTree = "<group>"; };
		AA013EEA2B26306600522152 /* ChatViewModel.swift */ = {isa = PBXFileReference; lastKnownFileType = sourcecode.swift; path = ChatViewModel.swift; sourceTree = "<group>"; };
		AA013EF22B267D9400522152 /* MessageType.swift */ = {isa = PBXFileReference; lastKnownFileType = sourcecode.swift; path = MessageType.swift; sourceTree = "<group>"; };
		AA013EF42B267DA500522152 /* MyContent.swift */ = {isa = PBXFileReference; lastKnownFileType = sourcecode.swift; path = MyContent.swift; sourceTree = "<group>"; };
		AA013EFD2B2785C900522152 /* UserSettingView.swift */ = {isa = PBXFileReference; lastKnownFileType = sourcecode.swift; path = UserSettingView.swift; sourceTree = "<group>"; };
		AA4B02642B3E53BB00C5B227 /* FloatingPanel.swift */ = {isa = PBXFileReference; lastKnownFileType = sourcecode.swift; path = FloatingPanel.swift; sourceTree = "<group>"; };
		AA4B02662B3E5E7800C5B227 /* View+Extensions.swift */ = {isa = PBXFileReference; lastKnownFileType = sourcecode.swift; path = "View+Extensions.swift"; sourceTree = "<group>"; };
		AA4B026B2B3EF3A900C5B227 /* KeyboardShortcuts+Extensions.swift */ = {isa = PBXFileReference; lastKnownFileType = sourcecode.swift; path = "KeyboardShortcuts+Extensions.swift"; sourceTree = "<group>"; };
		AA4B026D2B404A3C00C5B227 /* FloatingChatView.swift */ = {isa = PBXFileReference; lastKnownFileType = sourcecode.swift; path = FloatingChatView.swift; sourceTree = "<group>"; };
		AA4B026F2B40F8D800C5B227 /* VisualEffect.swift */ = {isa = PBXFileReference; lastKnownFileType = sourcecode.swift; path = VisualEffect.swift; sourceTree = "<group>"; };
		AA9B8F7F2B279FD20041B64E /* KeychainService.swift */ = {isa = PBXFileReference; lastKnownFileType = sourcecode.swift; path = KeychainService.swift; sourceTree = "<group>"; };
		AA9B8F822B27BC010041B64E /* ChatListView.swift */ = {isa = PBXFileReference; lastKnownFileType = sourcecode.swift; path = ChatListView.swift; sourceTree = "<group>"; };
		AA9B8F892B27E7850041B64E /* Chat.swift */ = {isa = PBXFileReference; lastKnownFileType = sourcecode.swift; path = Chat.swift; sourceTree = "<group>"; };
		AAA76CCB2B34BCEA00DA5F04 /* UIImage+Extensions.swift */ = {isa = PBXFileReference; lastKnownFileType = sourcecode.swift; path = "UIImage+Extensions.swift"; sourceTree = "<group>"; };
		AAA76CCE2B34FBB800DA5F04 /* EditChatView.swift */ = {isa = PBXFileReference; lastKnownFileType = sourcecode.swift; path = EditChatView.swift; sourceTree = "<group>"; };
		AAA76CD02B3517D600DA5F04 /* OpenAIService.swift */ = {isa = PBXFileReference; lastKnownFileType = sourcecode.swift; path = OpenAIService.swift; sourceTree = "<group>"; };
		AAAB9A082B6F568200C368AD /* CopyCodeButton.swift */ = {isa = PBXFileReference; lastKnownFileType = sourcecode.swift; path = CopyCodeButton.swift; sourceTree = "<group>"; };
		AAB4E1C92B801CB700CAF0F3 /* SyntaxHighlighting_MarkdownUI_Swift */ = {isa = PBXFileReference; lastKnownFileType = wrapper; path = SyntaxHighlighting_MarkdownUI_Swift; sourceTree = "<group>"; };
		AAC4868B2B706ABA008C8A4E /* CheckForUpdatesViewModel.swift */ = {isa = PBXFileReference; lastKnownFileType = sourcecode.swift; path = CheckForUpdatesViewModel.swift; sourceTree = "<group>"; };
		AAC4868D2B706ADC008C8A4E /* CheckForUpdatesView.swift */ = {isa = PBXFileReference; lastKnownFileType = sourcecode.swift; path = CheckForUpdatesView.swift; sourceTree = "<group>"; };
		AAC4868F2B7075F6008C8A4E /* Info.plist */ = {isa = PBXFileReference; lastKnownFileType = text.plist; path = Info.plist; sourceTree = "<group>"; };
		AAC486912B708F99008C8A4E /* GPTSwiftDebug.entitlements */ = {isa = PBXFileReference; fileEncoding = 4; lastKnownFileType = text.plist.entitlements; path = GPTSwiftDebug.entitlements; sourceTree = "<group>"; };
		AAD3780A2B3B32BC001D0B24 /* MarkdownCodeSyntaxHightlighter.swift */ = {isa = PBXFileReference; lastKnownFileType = sourcecode.swift; path = MarkdownCodeSyntaxHightlighter.swift; sourceTree = "<group>"; };
		AAD378282B3B4D57001D0B24 /* Theme+Extensions.swift */ = {isa = PBXFileReference; lastKnownFileType = sourcecode.swift; path = "Theme+Extensions.swift"; sourceTree = "<group>"; };
		AAD3F12E2B396CBC000A6CDA /* NSImage+Extensions.swift */ = {isa = PBXFileReference; lastKnownFileType = sourcecode.swift; path = "NSImage+Extensions.swift"; sourceTree = "<group>"; };
		AADDFEF12B69355E00FAE4B5 /* SwiftDataService.swift */ = {isa = PBXFileReference; lastKnownFileType = sourcecode.swift; path = SwiftDataService.swift; sourceTree = "<group>"; };
		AAEBFA6F2B6F38FD0079A9E1 /* CopyService.swift */ = {isa = PBXFileReference; lastKnownFileType = sourcecode.swift; path = CopyService.swift; sourceTree = "<group>"; };
/* End PBXFileReference section */

/* Begin PBXFrameworksBuildPhase section */
		AA013EC42B25FA0B00522152 /* Frameworks */ = {
			isa = PBXFrameworksBuildPhase;
			buildActionMask = 2147483647;
			files = (
				AAB4E1CB2B81124800CAF0F3 /* SyntaxHighlightingMarkdownUI in Frameworks */,
				AA4B026A2B3EF34B00C5B227 /* KeyboardShortcuts in Frameworks */,
				AA013EFB2B27859900522152 /* KeychainSwift in Frameworks */,
				AAC486892B7066BA008C8A4E /* Sparkle in Frameworks */,
				AAD21A1C2C0223E1003501B5 /* OpenAI in Frameworks */,
				AA013EF12B266B2000522152 /* OpenAI in Frameworks */,
				AAD377FD2B3B207F001D0B24 /* MarkdownUI in Frameworks */,
			);
			runOnlyForDeploymentPostprocessing = 0;
		};
/* End PBXFrameworksBuildPhase section */

/* Begin PBXGroup section */
		AA013EBE2B25FA0B00522152 = {
			isa = PBXGroup;
			children = (
				AAB4E1C92B801CB700CAF0F3 /* SyntaxHighlighting_MarkdownUI_Swift */,
				AA013EC92B25FA0B00522152 /* GPTSwift */,
				AA013EC82B25FA0B00522152 /* Products */,
				AA278AC62B7583D600BBCD17 /* Frameworks */,
			);
			sourceTree = "<group>";
		};
		AA013EC82B25FA0B00522152 /* Products */ = {
			isa = PBXGroup;
			children = (
				AA013EC72B25FA0B00522152 /* GPTSwift.app */,
			);
			name = Products;
			sourceTree = "<group>";
		};
		AA013EC92B25FA0B00522152 /* GPTSwift */ = {
			isa = PBXGroup;
			children = (
				AAC4868F2B7075F6008C8A4E /* Info.plist */,
				AAD377FE2B3B3258001D0B24 /* Helpers */,
				AAA76CCA2B34BC9500DA5F04 /* Extensions */,
				AA013EF82B27831200522152 /* Services */,
				AA013EE52B262E3800522152 /* Models */,
				AA013EE02B25FCBB00522152 /* Views */,
				AA013ECA2B25FA0B00522152 /* GPTSwiftApp.swift */,
				AA013ECC2B25FA0B00522152 /* ContentView.swift */,
				AA013ED02B25FA0C00522152 /* Assets.xcassets */,
				AA013ED22B25FA0C00522152 /* GPTSwift.entitlements */,
				AAC486912B708F99008C8A4E /* GPTSwiftDebug.entitlements */,
				AA013ED32B25FA0C00522152 /* Preview Content */,
			);
			path = GPTSwift;
			sourceTree = "<group>";
		};
		AA013ED32B25FA0C00522152 /* Preview Content */ = {
			isa = PBXGroup;
			children = (
				AA013ED42B25FA0C00522152 /* Preview Assets.xcassets */,
			);
			path = "Preview Content";
			sourceTree = "<group>";
		};
		AA013EE02B25FCBB00522152 /* Views */ = {
			isa = PBXGroup;
			children = (
				AAC4868A2B706A9E008C8A4E /* CheckForUpdates */,
				AA9B8F812B27BBED0041B64E /* UserSetting */,
				AA013EFC2B2785AC00522152 /* Chat */,
			);
			path = Views;
			sourceTree = "<group>";
		};
		AA013EE52B262E3800522152 /* Models */ = {
			isa = PBXGroup;
			children = (
				AA9B8F882B27E7790041B64E /* Chat */,
				AA9B8F872B27E76A0041B64E /* Message */,
			);
			path = Models;
			sourceTree = "<group>";
		};
		AA013EF62B2782DF00522152 /* Components */ = {
			isa = PBXGroup;
			children = (
				AA013EE12B25FCE200522152 /* ChatInputTextField.swift */,
				AA013EE32B25FD4400522152 /* Chatbubble.swift */,
				AA4B026F2B40F8D800C5B227 /* VisualEffect.swift */,
				AAAB9A082B6F568200C368AD /* CopyCodeButton.swift */,
			);
			path = Components;
			sourceTree = "<group>";
		};
		AA013EF82B27831200522152 /* Services */ = {
			isa = PBXGroup;
			children = (
				AA9B8F7F2B279FD20041B64E /* KeychainService.swift */,
				AAA76CD02B3517D600DA5F04 /* OpenAIService.swift */,
				AADDFEF12B69355E00FAE4B5 /* SwiftDataService.swift */,
				AAEBFA6F2B6F38FD0079A9E1 /* CopyService.swift */,
			);
			path = Services;
			sourceTree = "<group>";
		};
		AA013EFC2B2785AC00522152 /* Chat */ = {
			isa = PBXGroup;
			children = (
				AA013EF62B2782DF00522152 /* Components */,
				AAD377FA2B3B16DD001D0B24 /* Views */,
				AAD377F92B3B16D6001D0B24 /* ViewModels */,
			);
			path = Chat;
			sourceTree = "<group>";
		};
		AA278AC62B7583D600BBCD17 /* Frameworks */ = {
			isa = PBXGroup;
			children = (
			);
			name = Frameworks;
			sourceTree = "<group>";
		};
		AA4B02622B3E539D00C5B227 /* CodeSyntax */ = {
			isa = PBXGroup;
			children = (
				AAD3780A2B3B32BC001D0B24 /* MarkdownCodeSyntaxHightlighter.swift */,
			);
			path = CodeSyntax;
			sourceTree = "<group>";
		};
		AA4B02632B3E53AD00C5B227 /* FloatingPanel */ = {
			isa = PBXGroup;
			children = (
				AA4B02642B3E53BB00C5B227 /* FloatingPanel.swift */,
			);
			path = FloatingPanel;
			sourceTree = "<group>";
		};
		AA9B8F812B27BBED0041B64E /* UserSetting */ = {
			isa = PBXGroup;
			children = (
				AA013EFD2B2785C900522152 /* UserSettingView.swift */,
			);
			path = UserSetting;
			sourceTree = "<group>";
		};
		AA9B8F872B27E76A0041B64E /* Message */ = {
			isa = PBXGroup;
			children = (
				AA013EE62B262E4E00522152 /* MyMessage.swift */,
				AA013EF42B267DA500522152 /* MyContent.swift */,
				AA013EF22B267D9400522152 /* MessageType.swift */,
				AA013EE82B262E8800522152 /* Author.swift */,
			);
			path = Message;
			sourceTree = "<group>";
		};
		AA9B8F882B27E7790041B64E /* Chat */ = {
			isa = PBXGroup;
			children = (
				AA9B8F892B27E7850041B64E /* Chat.swift */,
			);
			path = Chat;
			sourceTree = "<group>";
		};
		AAA76CCA2B34BC9500DA5F04 /* Extensions */ = {
			isa = PBXGroup;
			children = (
				AAA76CCB2B34BCEA00DA5F04 /* UIImage+Extensions.swift */,
				AAD3F12E2B396CBC000A6CDA /* NSImage+Extensions.swift */,
				AAD378282B3B4D57001D0B24 /* Theme+Extensions.swift */,
				AA4B02662B3E5E7800C5B227 /* View+Extensions.swift */,
				AA4B026B2B3EF3A900C5B227 /* KeyboardShortcuts+Extensions.swift */,
			);
			path = Extensions;
			sourceTree = "<group>";
		};
		AAC4868A2B706A9E008C8A4E /* CheckForUpdates */ = {
			isa = PBXGroup;
			children = (
				AAC4868B2B706ABA008C8A4E /* CheckForUpdatesViewModel.swift */,
				AAC4868D2B706ADC008C8A4E /* CheckForUpdatesView.swift */,
			);
			path = CheckForUpdates;
			sourceTree = "<group>";
		};
		AAD377F92B3B16D6001D0B24 /* ViewModels */ = {
			isa = PBXGroup;
			children = (
				AA013EEA2B26306600522152 /* ChatViewModel.swift */,
			);
			path = ViewModels;
			sourceTree = "<group>";
		};
		AAD377FA2B3B16DD001D0B24 /* Views */ = {
			isa = PBXGroup;
			children = (
				AAA76CCE2B34FBB800DA5F04 /* EditChatView.swift */,
				AA013EDE2B25FAEB00522152 /* ChatView.swift */,
				AA9B8F822B27BC010041B64E /* ChatListView.swift */,
				AA4B026D2B404A3C00C5B227 /* FloatingChatView.swift */,
			);
			path = Views;
			sourceTree = "<group>";
		};
		AAD377FE2B3B3258001D0B24 /* Helpers */ = {
			isa = PBXGroup;
			children = (
				AA4B02632B3E53AD00C5B227 /* FloatingPanel */,
				AA4B02622B3E539D00C5B227 /* CodeSyntax */,
			);
			path = Helpers;
			sourceTree = "<group>";
		};
/* End PBXGroup section */

/* Begin PBXNativeTarget section */
		AA013EC62B25FA0B00522152 /* GPTSwift */ = {
			isa = PBXNativeTarget;
			buildConfigurationList = AA013ED82B25FA0C00522152 /* Build configuration list for PBXNativeTarget "GPTSwift" */;
			buildPhases = (
				AA013EC32B25FA0B00522152 /* Sources */,
				AA013EC42B25FA0B00522152 /* Frameworks */,
				AA013EC52B25FA0B00522152 /* Resources */,
			);
			buildRules = (
			);
			dependencies = (
			);
			name = GPTSwift;
			packageProductDependencies = (
				AA013EF02B266B2000522152 /* OpenAI */,
				AA013EFA2B27859900522152 /* KeychainSwift */,
				AAD377FC2B3B207F001D0B24 /* MarkdownUI */,
				AA4B02692B3EF34B00C5B227 /* KeyboardShortcuts */,
				AAC486882B7066BA008C8A4E /* Sparkle */,
				AAB4E1CA2B81124800CAF0F3 /* SyntaxHighlightingMarkdownUI */,
				AAD21A1B2C0223E1003501B5 /* OpenAI */,
			);
			productName = GPTSwift;
			productReference = AA013EC72B25FA0B00522152 /* GPTSwift.app */;
			productType = "com.apple.product-type.application";
		};
/* End PBXNativeTarget section */

/* Begin PBXProject section */
		AA013EBF2B25FA0B00522152 /* Project object */ = {
			isa = PBXProject;
			attributes = {
				BuildIndependentTargetsInParallel = 1;
				LastSwiftUpdateCheck = 1500;
				LastUpgradeCheck = 1510;
				TargetAttributes = {
					AA013EC62B25FA0B00522152 = {
						CreatedOnToolsVersion = 15.0.1;
					};
				};
			};
			buildConfigurationList = AA013EC22B25FA0B00522152 /* Build configuration list for PBXProject "GPTSwift" */;
			compatibilityVersion = "Xcode 14.0";
			developmentRegion = en;
			hasScannedForEncodings = 0;
			knownRegions = (
				en,
				Base,
			);
			mainGroup = AA013EBE2B25FA0B00522152;
			packageReferences = (
				AA013EF92B27859900522152 /* XCRemoteSwiftPackageReference "keychain-swift" */,
				AAD377FB2B3B207F001D0B24 /* XCRemoteSwiftPackageReference "swift-markdown-ui" */,
				AA4B02682B3EF34B00C5B227 /* XCRemoteSwiftPackageReference "KeyboardShortcuts" */,
				AAC486872B7066BA008C8A4E /* XCRemoteSwiftPackageReference "Sparkle" */,
				AAD21A1A2C0223E1003501B5 /* XCRemoteSwiftPackageReference "OpenAI" */,
			);
			productRefGroup = AA013EC82B25FA0B00522152 /* Products */;
			projectDirPath = "";
			projectRoot = "";
			targets = (
				AA013EC62B25FA0B00522152 /* GPTSwift */,
			);
		};
/* End PBXProject section */

/* Begin PBXResourcesBuildPhase section */
		AA013EC52B25FA0B00522152 /* Resources */ = {
			isa = PBXResourcesBuildPhase;
			buildActionMask = 2147483647;
			files = (
				AA013ED52B25FA0C00522152 /* Preview Assets.xcassets in Resources */,
				AA013ED12B25FA0C00522152 /* Assets.xcassets in Resources */,
			);
			runOnlyForDeploymentPostprocessing = 0;
		};
/* End PBXResourcesBuildPhase section */

/* Begin PBXSourcesBuildPhase section */
		AA013EC32B25FA0B00522152 /* Sources */ = {
			isa = PBXSourcesBuildPhase;
			buildActionMask = 2147483647;
			files = (
				AA4B026C2B3EF3A900C5B227 /* KeyboardShortcuts+Extensions.swift in Sources */,
				AA4B02652B3E53BB00C5B227 /* FloatingPanel.swift in Sources */,
				AAD3780B2B3B32BC001D0B24 /* MarkdownCodeSyntaxHightlighter.swift in Sources */,
				AA013EFE2B2785C900522152 /* UserSettingView.swift in Sources */,
				AAC4868E2B706ADC008C8A4E /* CheckForUpdatesView.swift in Sources */,
				AAA76CD12B3517D600DA5F04 /* OpenAIService.swift in Sources */,
				AAA76CCF2B34FBB800DA5F04 /* EditChatView.swift in Sources */,
				AA013EE22B25FCE200522152 /* ChatInputTextField.swift in Sources */,
				AA013EDF2B25FAEB00522152 /* ChatView.swift in Sources */,
				AA4B026E2B404A3C00C5B227 /* FloatingChatView.swift in Sources */,
				AA013EE92B262E8800522152 /* Author.swift in Sources */,
				AA4B02672B3E5E7800C5B227 /* View+Extensions.swift in Sources */,
				AA013EF32B267D9400522152 /* MessageType.swift in Sources */,
				AAAB9A092B6F568200C368AD /* CopyCodeButton.swift in Sources */,
				AA013ECD2B25FA0B00522152 /* ContentView.swift in Sources */,
				AA013EE42B25FD4400522152 /* Chatbubble.swift in Sources */,
				AA4B02702B40F8D800C5B227 /* VisualEffect.swift in Sources */,
				AA9B8F802B279FD20041B64E /* KeychainService.swift in Sources */,
				AAEBFA702B6F38FD0079A9E1 /* CopyService.swift in Sources */,
				AAD3F12F2B396CBC000A6CDA /* NSImage+Extensions.swift in Sources */,
				AA013EF52B267DA500522152 /* MyContent.swift in Sources */,
				AAD378292B3B4D57001D0B24 /* Theme+Extensions.swift in Sources */,
				AA013ECB2B25FA0B00522152 /* GPTSwiftApp.swift in Sources */,
				AA9B8F832B27BC010041B64E /* ChatListView.swift in Sources */,
				AA013EEB2B26306600522152 /* ChatViewModel.swift in Sources */,
				AA9B8F8A2B27E7850041B64E /* Chat.swift in Sources */,
				AADDFEF22B69355E00FAE4B5 /* SwiftDataService.swift in Sources */,
				AA013EE72B262E4E00522152 /* MyMessage.swift in Sources */,
				AAC4868C2B706ABA008C8A4E /* CheckForUpdatesViewModel.swift in Sources */,
				AAA76CCC2B34BCEA00DA5F04 /* UIImage+Extensions.swift in Sources */,
			);
			runOnlyForDeploymentPostprocessing = 0;
		};
/* End PBXSourcesBuildPhase section */

/* Begin XCBuildConfiguration section */
		AA013ED62B25FA0C00522152 /* Debug */ = {
			isa = XCBuildConfiguration;
			buildSettings = {
				ALWAYS_SEARCH_USER_PATHS = NO;
				ASSETCATALOG_COMPILER_GENERATE_SWIFT_ASSET_SYMBOL_EXTENSIONS = YES;
				CLANG_ANALYZER_NONNULL = YES;
				CLANG_ANALYZER_NUMBER_OBJECT_CONVERSION = YES_AGGRESSIVE;
				CLANG_CXX_LANGUAGE_STANDARD = "gnu++20";
				CLANG_ENABLE_MODULES = YES;
				CLANG_ENABLE_OBJC_ARC = YES;
				CLANG_ENABLE_OBJC_WEAK = YES;
				CLANG_WARN_BLOCK_CAPTURE_AUTORELEASING = YES;
				CLANG_WARN_BOOL_CONVERSION = YES;
				CLANG_WARN_COMMA = YES;
				CLANG_WARN_CONSTANT_CONVERSION = YES;
				CLANG_WARN_DEPRECATED_OBJC_IMPLEMENTATIONS = YES;
				CLANG_WARN_DIRECT_OBJC_ISA_USAGE = YES_ERROR;
				CLANG_WARN_DOCUMENTATION_COMMENTS = YES;
				CLANG_WARN_EMPTY_BODY = YES;
				CLANG_WARN_ENUM_CONVERSION = YES;
				CLANG_WARN_INFINITE_RECURSION = YES;
				CLANG_WARN_INT_CONVERSION = YES;
				CLANG_WARN_NON_LITERAL_NULL_CONVERSION = YES;
				CLANG_WARN_OBJC_IMPLICIT_RETAIN_SELF = YES;
				CLANG_WARN_OBJC_LITERAL_CONVERSION = YES;
				CLANG_WARN_OBJC_ROOT_CLASS = YES_ERROR;
				CLANG_WARN_QUOTED_INCLUDE_IN_FRAMEWORK_HEADER = YES;
				CLANG_WARN_RANGE_LOOP_ANALYSIS = YES;
				CLANG_WARN_STRICT_PROTOTYPES = YES;
				CLANG_WARN_SUSPICIOUS_MOVE = YES;
				CLANG_WARN_UNGUARDED_AVAILABILITY = YES_AGGRESSIVE;
				CLANG_WARN_UNREACHABLE_CODE = YES;
				CLANG_WARN__DUPLICATE_METHOD_MATCH = YES;
				COPY_PHASE_STRIP = NO;
				DEAD_CODE_STRIPPING = YES;
				DEBUG_INFORMATION_FORMAT = dwarf;
				ENABLE_STRICT_OBJC_MSGSEND = YES;
				ENABLE_TESTABILITY = YES;
				ENABLE_USER_SCRIPT_SANDBOXING = YES;
				GCC_C_LANGUAGE_STANDARD = gnu17;
				GCC_DYNAMIC_NO_PIC = NO;
				GCC_NO_COMMON_BLOCKS = YES;
				GCC_OPTIMIZATION_LEVEL = 0;
				GCC_PREPROCESSOR_DEFINITIONS = (
					"DEBUG=1",
					"$(inherited)",
				);
				GCC_WARN_64_TO_32_BIT_CONVERSION = YES;
				GCC_WARN_ABOUT_RETURN_TYPE = YES_ERROR;
				GCC_WARN_UNDECLARED_SELECTOR = YES;
				GCC_WARN_UNINITIALIZED_AUTOS = YES_AGGRESSIVE;
				GCC_WARN_UNUSED_FUNCTION = YES;
				GCC_WARN_UNUSED_VARIABLE = YES;
				IPHONEOS_DEPLOYMENT_TARGET = 17.0;
				LOCALIZATION_PREFERS_STRING_CATALOGS = YES;
				MACOSX_DEPLOYMENT_TARGET = 14.0;
				MTL_ENABLE_DEBUG_INFO = INCLUDE_SOURCE;
				MTL_FAST_MATH = YES;
				ONLY_ACTIVE_ARCH = YES;
				SWIFT_ACTIVE_COMPILATION_CONDITIONS = "DEBUG $(inherited)";
				SWIFT_OPTIMIZATION_LEVEL = "-Onone";
			};
			name = Debug;
		};
		AA013ED72B25FA0C00522152 /* Release */ = {
			isa = XCBuildConfiguration;
			buildSettings = {
				ALWAYS_SEARCH_USER_PATHS = NO;
				ASSETCATALOG_COMPILER_GENERATE_SWIFT_ASSET_SYMBOL_EXTENSIONS = YES;
				CLANG_ANALYZER_NONNULL = YES;
				CLANG_ANALYZER_NUMBER_OBJECT_CONVERSION = YES_AGGRESSIVE;
				CLANG_CXX_LANGUAGE_STANDARD = "gnu++20";
				CLANG_ENABLE_MODULES = YES;
				CLANG_ENABLE_OBJC_ARC = YES;
				CLANG_ENABLE_OBJC_WEAK = YES;
				CLANG_WARN_BLOCK_CAPTURE_AUTORELEASING = YES;
				CLANG_WARN_BOOL_CONVERSION = YES;
				CLANG_WARN_COMMA = YES;
				CLANG_WARN_CONSTANT_CONVERSION = YES;
				CLANG_WARN_DEPRECATED_OBJC_IMPLEMENTATIONS = YES;
				CLANG_WARN_DIRECT_OBJC_ISA_USAGE = YES_ERROR;
				CLANG_WARN_DOCUMENTATION_COMMENTS = YES;
				CLANG_WARN_EMPTY_BODY = YES;
				CLANG_WARN_ENUM_CONVERSION = YES;
				CLANG_WARN_INFINITE_RECURSION = YES;
				CLANG_WARN_INT_CONVERSION = YES;
				CLANG_WARN_NON_LITERAL_NULL_CONVERSION = YES;
				CLANG_WARN_OBJC_IMPLICIT_RETAIN_SELF = YES;
				CLANG_WARN_OBJC_LITERAL_CONVERSION = YES;
				CLANG_WARN_OBJC_ROOT_CLASS = YES_ERROR;
				CLANG_WARN_QUOTED_INCLUDE_IN_FRAMEWORK_HEADER = YES;
				CLANG_WARN_RANGE_LOOP_ANALYSIS = YES;
				CLANG_WARN_STRICT_PROTOTYPES = YES;
				CLANG_WARN_SUSPICIOUS_MOVE = YES;
				CLANG_WARN_UNGUARDED_AVAILABILITY = YES_AGGRESSIVE;
				CLANG_WARN_UNREACHABLE_CODE = YES;
				CLANG_WARN__DUPLICATE_METHOD_MATCH = YES;
				COPY_PHASE_STRIP = NO;
				DEAD_CODE_STRIPPING = YES;
				DEBUG_INFORMATION_FORMAT = "dwarf-with-dsym";
				ENABLE_NS_ASSERTIONS = NO;
				ENABLE_STRICT_OBJC_MSGSEND = YES;
				ENABLE_USER_SCRIPT_SANDBOXING = YES;
				GCC_C_LANGUAGE_STANDARD = gnu17;
				GCC_NO_COMMON_BLOCKS = YES;
				GCC_WARN_64_TO_32_BIT_CONVERSION = YES;
				GCC_WARN_ABOUT_RETURN_TYPE = YES_ERROR;
				GCC_WARN_UNDECLARED_SELECTOR = YES;
				GCC_WARN_UNINITIALIZED_AUTOS = YES_AGGRESSIVE;
				GCC_WARN_UNUSED_FUNCTION = YES;
				GCC_WARN_UNUSED_VARIABLE = YES;
				IPHONEOS_DEPLOYMENT_TARGET = 17.0;
				LOCALIZATION_PREFERS_STRING_CATALOGS = YES;
				MACOSX_DEPLOYMENT_TARGET = 14.0;
				MTL_ENABLE_DEBUG_INFO = NO;
				MTL_FAST_MATH = YES;
				SWIFT_COMPILATION_MODE = wholemodule;
			};
			name = Release;
		};
		AA013ED92B25FA0C00522152 /* Debug */ = {
			isa = XCBuildConfiguration;
			buildSettings = {
				ASSETCATALOG_COMPILER_APPICON_NAME = AppIcon;
				ASSETCATALOG_COMPILER_GLOBAL_ACCENT_COLOR_NAME = AccentColor;
				ASSETCATALOG_COMPILER_INCLUDE_ALL_APPICON_ASSETS = NO;
				CODE_SIGN_ENTITLEMENTS = GPTSwift/GPTSwiftDebug.entitlements;
				CODE_SIGN_IDENTITY = "Apple Development";
				"CODE_SIGN_IDENTITY[sdk=macosx*]" = "Apple Development";
				CODE_SIGN_STYLE = Automatic;
				CURRENT_PROJECT_VERSION = 1.3.1;
				DEAD_CODE_STRIPPING = YES;
				DEVELOPMENT_ASSET_PATHS = "\"GPTSwift/Preview Content\"";
				DEVELOPMENT_TEAM = 447H88N27M;
				ENABLE_HARDENED_RUNTIME = YES;
				"ENABLE_HARDENED_RUNTIME[sdk=macosx*]" = YES;
				ENABLE_PREVIEWS = YES;
				GENERATE_INFOPLIST_FILE = YES;
				INFOPLIST_FILE = GPTSwift/Info.plist;
				INFOPLIST_KEY_LSApplicationCategoryType = "public.app-category.utilities";
				"INFOPLIST_KEY_UIApplicationSceneManifest_Generation[sdk=iphoneos*]" = YES;
				"INFOPLIST_KEY_UIApplicationSceneManifest_Generation[sdk=iphonesimulator*]" = YES;
				"INFOPLIST_KEY_UIApplicationSupportsIndirectInputEvents[sdk=iphoneos*]" = YES;
				"INFOPLIST_KEY_UIApplicationSupportsIndirectInputEvents[sdk=iphonesimulator*]" = YES;
				"INFOPLIST_KEY_UILaunchScreen_Generation[sdk=iphoneos*]" = YES;
				"INFOPLIST_KEY_UILaunchScreen_Generation[sdk=iphonesimulator*]" = YES;
				"INFOPLIST_KEY_UIStatusBarStyle[sdk=iphoneos*]" = UIStatusBarStyleDefault;
				"INFOPLIST_KEY_UIStatusBarStyle[sdk=iphonesimulator*]" = UIStatusBarStyleDefault;
				INFOPLIST_KEY_UISupportedInterfaceOrientations_iPad = "UIInterfaceOrientationPortrait UIInterfaceOrientationPortraitUpsideDown UIInterfaceOrientationLandscapeLeft UIInterfaceOrientationLandscapeRight";
				INFOPLIST_KEY_UISupportedInterfaceOrientations_iPhone = "UIInterfaceOrientationPortrait UIInterfaceOrientationLandscapeLeft UIInterfaceOrientationLandscapeRight";
				IPHONEOS_DEPLOYMENT_TARGET = 17.0;
				LD_RUNPATH_SEARCH_PATHS = "@executable_path/Frameworks";
				"LD_RUNPATH_SEARCH_PATHS[sdk=macosx*]" = "@executable_path/../Frameworks";
				MACOSX_DEPLOYMENT_TARGET = 14.0;
				MARKETING_VERSION = 1.3.1;
				PRODUCT_BUNDLE_IDENTIFIER = elvis.GPTSwift;
				PRODUCT_NAME = "$(TARGET_NAME)";
				PROVISIONING_PROFILE_SPECIFIER = "";
				SDKROOT = auto;
				SUPPORTED_PLATFORMS = "iphoneos iphonesimulator macosx";
				SWIFT_EMIT_LOC_STRINGS = YES;
				SWIFT_VERSION = 5.0;
				TARGETED_DEVICE_FAMILY = "1,2";
			};
			name = Debug;
		};
		AA013EDA2B25FA0C00522152 /* Release */ = {
			isa = XCBuildConfiguration;
			buildSettings = {
				ASSETCATALOG_COMPILER_APPICON_NAME = AppIcon;
				ASSETCATALOG_COMPILER_GLOBAL_ACCENT_COLOR_NAME = AccentColor;
				ASSETCATALOG_COMPILER_INCLUDE_ALL_APPICON_ASSETS = NO;
				CODE_SIGN_ENTITLEMENTS = GPTSwift/GPTSwift.entitlements;
				"CODE_SIGN_IDENTITY[sdk=macosx*]" = "Apple Development";
				CODE_SIGN_STYLE = Automatic;
				CURRENT_PROJECT_VERSION = 1.3.1;
				DEAD_CODE_STRIPPING = YES;
				DEVELOPMENT_ASSET_PATHS = "\"GPTSwift/Preview Content\"";
				DEVELOPMENT_TEAM = 447H88N27M;
				ENABLE_HARDENED_RUNTIME = YES;
				ENABLE_PREVIEWS = YES;
				GENERATE_INFOPLIST_FILE = YES;
				INFOPLIST_FILE = GPTSwift/Info.plist;
				INFOPLIST_KEY_LSApplicationCategoryType = "public.app-category.utilities";
				"INFOPLIST_KEY_UIApplicationSceneManifest_Generation[sdk=iphoneos*]" = YES;
				"INFOPLIST_KEY_UIApplicationSceneManifest_Generation[sdk=iphonesimulator*]" = YES;
				"INFOPLIST_KEY_UIApplicationSupportsIndirectInputEvents[sdk=iphoneos*]" = YES;
				"INFOPLIST_KEY_UIApplicationSupportsIndirectInputEvents[sdk=iphonesimulator*]" = YES;
				"INFOPLIST_KEY_UILaunchScreen_Generation[sdk=iphoneos*]" = YES;
				"INFOPLIST_KEY_UILaunchScreen_Generation[sdk=iphonesimulator*]" = YES;
				"INFOPLIST_KEY_UIStatusBarStyle[sdk=iphoneos*]" = UIStatusBarStyleDefault;
				"INFOPLIST_KEY_UIStatusBarStyle[sdk=iphonesimulator*]" = UIStatusBarStyleDefault;
				INFOPLIST_KEY_UISupportedInterfaceOrientations_iPad = "UIInterfaceOrientationPortrait UIInterfaceOrientationPortraitUpsideDown UIInterfaceOrientationLandscapeLeft UIInterfaceOrientationLandscapeRight";
				INFOPLIST_KEY_UISupportedInterfaceOrientations_iPhone = "UIInterfaceOrientationPortrait UIInterfaceOrientationLandscapeLeft UIInterfaceOrientationLandscapeRight";
				IPHONEOS_DEPLOYMENT_TARGET = 17.0;
				LD_RUNPATH_SEARCH_PATHS = "@executable_path/Frameworks";
				"LD_RUNPATH_SEARCH_PATHS[sdk=macosx*]" = "@executable_path/../Frameworks";
				MACOSX_DEPLOYMENT_TARGET = 14.0;
				MARKETING_VERSION = 1.3.1;
				PRODUCT_BUNDLE_IDENTIFIER = elvis.GPTSwift;
				PRODUCT_NAME = "$(TARGET_NAME)";
				SDKROOT = auto;
				SUPPORTED_PLATFORMS = "iphoneos iphonesimulator macosx";
				SWIFT_EMIT_LOC_STRINGS = YES;
				SWIFT_VERSION = 5.0;
				TARGETED_DEVICE_FAMILY = "1,2";
			};
			name = Release;
		};
/* End XCBuildConfiguration section */

/* Begin XCConfigurationList section */
		AA013EC22B25FA0B00522152 /* Build configuration list for PBXProject "GPTSwift" */ = {
			isa = XCConfigurationList;
			buildConfigurations = (
				AA013ED62B25FA0C00522152 /* Debug */,
				AA013ED72B25FA0C00522152 /* Release */,
			);
			defaultConfigurationIsVisible = 0;
			defaultConfigurationName = Release;
		};
		AA013ED82B25FA0C00522152 /* Build configuration list for PBXNativeTarget "GPTSwift" */ = {
			isa = XCConfigurationList;
			buildConfigurations = (
				AA013ED92B25FA0C00522152 /* Debug */,
				AA013EDA2B25FA0C00522152 /* Release */,
			);
			defaultConfigurationIsVisible = 0;
			defaultConfigurationName = Release;
		};
/* End XCConfigurationList section */

/* Begin XCRemoteSwiftPackageReference section */
		AA013EF92B27859900522152 /* XCRemoteSwiftPackageReference "keychain-swift" */ = {
			isa = XCRemoteSwiftPackageReference;
			repositoryURL = "https://github.com/evgenyneu/keychain-swift.git";
			requirement = {
				kind = upToNextMajorVersion;
				minimumVersion = 20.0.0;
			};
		};
		AA4B02682B3EF34B00C5B227 /* XCRemoteSwiftPackageReference "KeyboardShortcuts" */ = {
			isa = XCRemoteSwiftPackageReference;
			repositoryURL = "https://github.com/sindresorhus/KeyboardShortcuts";
			requirement = {
				kind = upToNextMinorVersion;
				minimumVersion = 1.16.1;
			};
		};
		AAC486872B7066BA008C8A4E /* XCRemoteSwiftPackageReference "Sparkle" */ = {
			isa = XCRemoteSwiftPackageReference;
			repositoryURL = "https://github.com/sparkle-project/Sparkle";
			requirement = {
				kind = upToNextMajorVersion;
				minimumVersion = 2.5.2;
			};
		};
		AAD21A1A2C0223E1003501B5 /* XCRemoteSwiftPackageReference "OpenAI" */ = {
			isa = XCRemoteSwiftPackageReference;
			repositoryURL = "https://github.com/MacPaw/OpenAI?tab=readme-ov-file#chats";
			requirement = {
				kind = upToNextMinorVersion;
				minimumVersion = 0.2.9;
			};
		};
		AAD377FB2B3B207F001D0B24 /* XCRemoteSwiftPackageReference "swift-markdown-ui" */ = {
			isa = XCRemoteSwiftPackageReference;
			repositoryURL = "https://github.com/gonzalezreal/swift-markdown-ui";
			requirement = {
				kind = upToNextMajorVersion;
				minimumVersion = 2.3.0;
			};
		};
/* End XCRemoteSwiftPackageReference section */

/* Begin XCSwiftPackageProductDependency section */
		AA013EF02B266B2000522152 /* OpenAI */ = {
			isa = XCSwiftPackageProductDependency;
			productName = OpenAI;
		};
		AA013EFA2B27859900522152 /* KeychainSwift */ = {
			isa = XCSwiftPackageProductDependency;
			package = AA013EF92B27859900522152 /* XCRemoteSwiftPackageReference "keychain-swift" */;
			productName = KeychainSwift;
		};
		AA4B02692B3EF34B00C5B227 /* KeyboardShortcuts */ = {
			isa = XCSwiftPackageProductDependency;
			package = AA4B02682B3EF34B00C5B227 /* XCRemoteSwiftPackageReference "KeyboardShortcuts" */;
			productName = KeyboardShortcuts;
		};
		AAB4E1CA2B81124800CAF0F3 /* SyntaxHighlightingMarkdownUI */ = {
			isa = XCSwiftPackageProductDependency;
			productName = SyntaxHighlightingMarkdownUI;
		};
		AAC486882B7066BA008C8A4E /* Sparkle */ = {
			isa = XCSwiftPackageProductDependency;
			package = AAC486872B7066BA008C8A4E /* XCRemoteSwiftPackageReference "Sparkle" */;
			productName = Sparkle;
		};
		AAD21A1B2C0223E1003501B5 /* OpenAI */ = {
			isa = XCSwiftPackageProductDependency;
			package = AAD21A1A2C0223E1003501B5 /* XCRemoteSwiftPackageReference "OpenAI" */;
			productName = OpenAI;
		};
		AAD377FC2B3B207F001D0B24 /* MarkdownUI */ = {
			isa = XCSwiftPackageProductDependency;
			package = AAD377FB2B3B207F001D0B24 /* XCRemoteSwiftPackageReference "swift-markdown-ui" */;
			productName = MarkdownUI;
		};
/* End XCSwiftPackageProductDependency section */
	};
	rootObject = AA013EBF2B25FA0B00522152 /* Project object */;
}
